
Microsoft Visual Studio Solution File, Format Version 12.00
# Visual Studio Version 17
VisualStudioVersion = 17.2.32505.173
MinimumVisualStudioVersion = 10.0.40219.1
Project("{FAE04EC0-301F-11D3-BF4B-00C04F79EFBC}") = "eStoreApi", "eStoreApi\eStoreApi.csproj", "{2AE66E5D-BCEC-4AD1-970A-0BA3A078C178}"
EndProject
Global
	GlobalSection(SolutionConfigurationPlatforms) = preSolution
		Debug|Any CPU = Debug|Any CPU
		Release|Any CPU = Release|Any CPU
	EndGlobalSection
	GlobalSection(ProjectConfigurationPlatforms) = postSolution
		{2AE66E5D-BCEC-4AD1-970A-0BA3A078C178}.Debug|Any CPU.ActiveCfg = Debug|Any CPU
		{2AE66E5D-BCEC-4AD1-970A-0BA3A078C178}.Debug|Any CPU.Build.0 = Debug|Any CPU
		{2AE66E5D-BCEC-4AD1-970A-0BA3A078C178}.Release|Any CPU.ActiveCfg = Release|Any CPU
		{2AE66E5D-BCEC-4AD1-970A-0BA3A078C178}.Release|Any CPU.Build.0 = Release|Any CPU
	EndGlobalSection
	GlobalSection(SolutionProperties) = preSolution
		HideSolutionNode = FALSE
	EndGlobalSection
	GlobalSection(ExtensibilityGlobals) = postSolution
		SolutionGuid = {A8429A28-4C62-4BDE-9E49-A30BE8AD0E5C}
	EndGlobalSection
EndGlobal
